
Microsoft Visual Studio Solution File, Format Version 12.00
# Visual Studio Version 17
VisualStudioVersion = 17.8.34330.188
MinimumVisualStudioVersion = 10.0.40219.1
Project("{FAE04EC0-301F-11D3-BF4B-00C04F79EFBC}") = "5. Working with Strings", "5. Working with Strings.csproj", "{97AA052D-565F-48C0-96D1-D76DB4F092C9}"
EndProject
Global
	GlobalSection(SolutionConfigurationPlatforms) = preSolution
		Debug|Any CPU = Debug|Any CPU
		Release|Any CPU = Release|Any CPU
	EndGlobalSection
	GlobalSection(ProjectConfigurationPlatforms) = postSolution
		{97AA052D-565F-48C0-96D1-D76DB4F092C9}.Debug|Any CPU.ActiveCfg = Debug|Any CPU
		{97AA052D-565F-48C0-96D1-D76DB4F092C9}.Debug|Any CPU.Build.0 = Debug|Any CPU
		{97AA052D-565F-48C0-96D1-D76DB4F092C9}.Release|Any CPU.ActiveCfg = Release|Any CPU
		{97AA052D-565F-48C0-96D1-D76DB4F092C9}.Release|Any CPU.Build.0 = Release|Any CPU
	EndGlobalSection
	GlobalSection(SolutionProperties) = preSolution
		HideSolutionNode = FALSE
	EndGlobalSection
	GlobalSection(ExtensibilityGlobals) = postSolution
		SolutionGuid = {685E4A6D-31D9-4E4C-9C3C-646B2B5664F5}
	EndGlobalSection
EndGlobal
